// !$*UTF8*$!
{
	archiveVersion = 1;
	classes = {
	};
	objectVersion = 56;
	objects = {

/* Begin PBXBuildFile section */
		DD3F52592B7B9C0200B42369 /* Assets.xcassets in Resources */ = {isa = PBXBuildFile; fileRef = DD3F52582B7B9C0200B42369 /* Assets.xcassets */; };
		DD3F525C2B7B9C0200B42369 /* Preview Assets.xcassets in Resources */ = {isa = PBXBuildFile; fileRef = DD3F525B2B7B9C0200B42369 /* Preview Assets.xcassets */; };
		DD3F52982B7B9C2A00B42369 /* LessonDataModel.swift in Sources */ = {isa = PBXBuildFile; fileRef = DD3F52632B7B9C2800B42369 /* LessonDataModel.swift */; };
		DD3F52992B7B9C2A00B42369 /* ReminderDataModel.swift in Sources */ = {isa = PBXBuildFile; fileRef = DD3F52642B7B9C2800B42369 /* ReminderDataModel.swift */; };
		DD3F529A2B7B9C2A00B42369 /* SubjectDataModel.swift in Sources */ = {isa = PBXBuildFile; fileRef = DD3F52652B7B9C2800B42369 /* SubjectDataModel.swift */; };
		DD3F529B2B7B9C2A00B42369 /* TimerDataModel.swift in Sources */ = {isa = PBXBuildFile; fileRef = DD3F52662B7B9C2800B42369 /* TimerDataModel.swift */; };
		DD3F529C2B7B9C2A00B42369 /* ResourceDataModel.swift in Sources */ = {isa = PBXBuildFile; fileRef = DD3F52672B7B9C2800B42369 /* ResourceDataModel.swift */; };
		DD3F529D2B7B9C2A00B42369 /* Noisescape.mp3 in Resources */ = {isa = PBXBuildFile; fileRef = DD3F52692B7B9C2900B42369 /* Noisescape.mp3 */; };
		DD3F529E2B7B9C2A00B42369 /* DeeperMeaning.mp3 in Resources */ = {isa = PBXBuildFile; fileRef = DD3F526A2B7B9C2900B42369 /* DeeperMeaning.mp3 */; };
		DD3F529F2B7B9C2A00B42369 /* Cinelax.mp3 in Resources */ = {isa = PBXBuildFile; fileRef = DD3F526B2B7B9C2900B42369 /* Cinelax.mp3 */; };
		DD3F52A02B7B9C2A00B42369 /* MyApp.swift in Sources */ = {isa = PBXBuildFile; fileRef = DD3F526C2B7B9C2900B42369 /* MyApp.swift */; };
		DD3F52A12B7B9C2A00B42369 /* HomeView.swift in Sources */ = {isa = PBXBuildFile; fileRef = DD3F526F2B7B9C2900B42369 /* HomeView.swift */; };
		DD3F52A22B7B9C2A00B42369 /* DetailView.swift in Sources */ = {isa = PBXBuildFile; fileRef = DD3F52702B7B9C2900B42369 /* DetailView.swift */; };
		DD3F52A32B7B9C2A00B42369 /* TimerView.swift in Sources */ = {isa = PBXBuildFile; fileRef = DD3F52722B7B9C2900B42369 /* TimerView.swift */; };
		DD3F52A42B7B9C2A00B42369 /* StudyView.swift in Sources */ = {isa = PBXBuildFile; fileRef = DD3F52732B7B9C2900B42369 /* StudyView.swift */; };
		DD3F52A52B7B9C2A00B42369 /* DashboardView.swift in Sources */ = {isa = PBXBuildFile; fileRef = DD3F52752B7B9C2900B42369 /* DashboardView.swift */; };
		DD3F52A62B7B9C2A00B42369 /* SubjectsView.swift in Sources */ = {isa = PBXBuildFile; fileRef = DD3F52762B7B9C2900B42369 /* SubjectsView.swift */; };
		DD3F52A72B7B9C2A00B42369 /* LessonDetailView.swift in Sources */ = {isa = PBXBuildFile; fileRef = DD3F52772B7B9C2900B42369 /* LessonDetailView.swift */; };
		DD3F52A82B7B9C2A00B42369 /* ImageView.swift in Sources */ = {isa = PBXBuildFile; fileRef = DD3F52782B7B9C2900B42369 /* ImageView.swift */; };
		DD3F52A92B7B9C2A00B42369 /* EduSyncTabView.swift in Sources */ = {isa = PBXBuildFile; fileRef = DD3F52792B7B9C2900B42369 /* EduSyncTabView.swift */; };
		DD3F52AA2B7B9C2A00B42369 /* TimeTableView.swift in Sources */ = {isa = PBXBuildFile; fileRef = DD3F527B2B7B9C2900B42369 /* TimeTableView.swift */; };
		DD3F52AB2B7B9C2A00B42369 /* DashboardHeaderView.swift in Sources */ = {isa = PBXBuildFile; fileRef = DD3F527E2B7B9C2A00B42369 /* DashboardHeaderView.swift */; };
		DD3F52AC2B7B9C2A00B42369 /* HomeHeaderView.swift in Sources */ = {isa = PBXBuildFile; fileRef = DD3F527F2B7B9C2A00B42369 /* HomeHeaderView.swift */; };
		DD3F52AD2B7B9C2A00B42369 /* ReminderCell.swift in Sources */ = {isa = PBXBuildFile; fileRef = DD3F52812B7B9C2A00B42369 /* ReminderCell.swift */; };
		DD3F52AE2B7B9C2A00B42369 /* SubjectCell.swift in Sources */ = {isa = PBXBuildFile; fileRef = DD3F52822B7B9C2A00B42369 /* SubjectCell.swift */; };
		DD3F52AF2B7B9C2A00B42369 /* ResourceCell.swift in Sources */ = {isa = PBXBuildFile; fileRef = DD3F52832B7B9C2A00B42369 /* ResourceCell.swift */; };
		DD3F52B02B7B9C2A00B42369 /* LessonCell.swift in Sources */ = {isa = PBXBuildFile; fileRef = DD3F52842B7B9C2A00B42369 /* LessonCell.swift */; };
		DD3F52B12B7B9C2A00B42369 /* CustomCellModifier.swift in Sources */ = {isa = PBXBuildFile; fileRef = DD3F52862B7B9C2A00B42369 /* CustomCellModifier.swift */; };
		DD3F52B22B7B9C2A00B42369 /* ResourceFormView.swift in Sources */ = {isa = PBXBuildFile; fileRef = DD3F52882B7B9C2A00B42369 /* ResourceFormView.swift */; };
		DD3F52B32B7B9C2A00B42369 /* TimerFormView.swift in Sources */ = {isa = PBXBuildFile; fileRef = DD3F52892B7B9C2A00B42369 /* TimerFormView.swift */; };
		DD3F52B42B7B9C2A00B42369 /* LessonFormView.swift in Sources */ = {isa = PBXBuildFile; fileRef = DD3F528A2B7B9C2A00B42369 /* LessonFormView.swift */; };
		DD3F52B52B7B9C2A00B42369 /* ReminderFormView.swift in Sources */ = {isa = PBXBuildFile; fileRef = DD3F528B2B7B9C2A00B42369 /* ReminderFormView.swift */; };
		DD3F52B62B7B9C2A00B42369 /* SubjectFormView.swift in Sources */ = {isa = PBXBuildFile; fileRef = DD3F528C2B7B9C2A00B42369 /* SubjectFormView.swift */; };
		DD3F52B72B7B9C2A00B42369 /* ColorPalette.swift in Sources */ = {isa = PBXBuildFile; fileRef = DD3F528E2B7B9C2A00B42369 /* ColorPalette.swift */; };
		DD3F52B82B7B9C2A00B42369 /* Date+Ext.swift in Sources */ = {isa = PBXBuildFile; fileRef = DD3F52902B7B9C2A00B42369 /* Date+Ext.swift */; };
		DD3F52B92B7B9C2A00B42369 /* MenuTip.swift in Sources */ = {isa = PBXBuildFile; fileRef = DD3F52922B7B9C2A00B42369 /* MenuTip.swift */; };
		DD3F52BA2B7B9C2A00B42369 /* SwipeTip.swift in Sources */ = {isa = PBXBuildFile; fileRef = DD3F52932B7B9C2A00B42369 /* SwipeTip.swift */; };
		DD3F52BB2B7B9C2A00B42369 /* Columns.swift in Sources */ = {isa = PBXBuildFile; fileRef = DD3F52952B7B9C2A00B42369 /* Columns.swift */; };
		DD3F52BD2B7B9C2A00B42369 /* Assets.xcassets in Resources */ = {isa = PBXBuildFile; fileRef = DD3F52972B7B9C2A00B42369 /* Assets.xcassets */; };
/* End PBXBuildFile section */

/* Begin PBXFileReference section */
		DD3F52512B7B9C0100B42369 /* EduSync.app */ = {isa = PBXFileReference; explicitFileType = wrapper.application; includeInIndex = 0; path = EduSync.app; sourceTree = BUILT_PRODUCTS_DIR; };
		DD3F52582B7B9C0200B42369 /* Assets.xcassets */ = {isa = PBXFileReference; lastKnownFileType = folder.assetcatalog; path = Assets.xcassets; sourceTree = "<group>"; };
		DD3F525B2B7B9C0200B42369 /* Preview Assets.xcassets */ = {isa = PBXFileReference; lastKnownFileType = folder.assetcatalog; path = "Preview Assets.xcassets"; sourceTree = "<group>"; };
		DD3F52632B7B9C2800B42369 /* LessonDataModel.swift */ = {isa = PBXFileReference; fileEncoding = 4; lastKnownFileType = sourcecode.swift; path = LessonDataModel.swift; sourceTree = "<group>"; };
		DD3F52642B7B9C2800B42369 /* ReminderDataModel.swift */ = {isa = PBXFileReference; fileEncoding = 4; lastKnownFileType = sourcecode.swift; path = ReminderDataModel.swift; sourceTree = "<group>"; };
		DD3F52652B7B9C2800B42369 /* SubjectDataModel.swift */ = {isa = PBXFileReference; fileEncoding = 4; lastKnownFileType = sourcecode.swift; path = SubjectDataModel.swift; sourceTree = "<group>"; };
		DD3F52662B7B9C2800B42369 /* TimerDataModel.swift */ = {isa = PBXFileReference; fileEncoding = 4; lastKnownFileType = sourcecode.swift; path = TimerDataModel.swift; sourceTree = "<group>"; };
		DD3F52672B7B9C2800B42369 /* ResourceDataModel.swift */ = {isa = PBXFileReference; fileEncoding = 4; lastKnownFileType = sourcecode.swift; path = ResourceDataModel.swift; sourceTree = "<group>"; };
		DD3F52692B7B9C2900B42369 /* Noisescape.mp3 */ = {isa = PBXFileReference; lastKnownFileType = audio.mp3; path = Noisescape.mp3; sourceTree = "<group>"; };
		DD3F526A2B7B9C2900B42369 /* DeeperMeaning.mp3 */ = {isa = PBXFileReference; lastKnownFileType = audio.mp3; path = DeeperMeaning.mp3; sourceTree = "<group>"; };
		DD3F526B2B7B9C2900B42369 /* Cinelax.mp3 */ = {isa = PBXFileReference; lastKnownFileType = audio.mp3; path = Cinelax.mp3; sourceTree = "<group>"; };
		DD3F526C2B7B9C2900B42369 /* MyApp.swift */ = {isa = PBXFileReference; fileEncoding = 4; lastKnownFileType = sourcecode.swift; path = MyApp.swift; sourceTree = "<group>"; };
		DD3F526F2B7B9C2900B42369 /* HomeView.swift */ = {isa = PBXFileReference; fileEncoding = 4; lastKnownFileType = sourcecode.swift; path = HomeView.swift; sourceTree = "<group>"; };
		DD3F52702B7B9C2900B42369 /* DetailView.swift */ = {isa = PBXFileReference; fileEncoding = 4; lastKnownFileType = sourcecode.swift; path = DetailView.swift; sourceTree = "<group>"; };
		DD3F52722B7B9C2900B42369 /* TimerView.swift */ = {isa = PBXFileReference; fileEncoding = 4; lastKnownFileType = sourcecode.swift; path = TimerView.swift; sourceTree = "<group>"; };
		DD3F52732B7B9C2900B42369 /* StudyView.swift */ = {isa = PBXFileReference; fileEncoding = 4; lastKnownFileType = sourcecode.swift; path = StudyView.swift; sourceTree = "<group>"; };
		DD3F52752B7B9C2900B42369 /* DashboardView.swift */ = {isa = PBXFileReference; fileEncoding = 4; lastKnownFileType = sourcecode.swift; path = DashboardView.swift; sourceTree = "<group>"; };
		DD3F52762B7B9C2900B42369 /* SubjectsView.swift */ = {isa = PBXFileReference; fileEncoding = 4; lastKnownFileType = sourcecode.swift; path = SubjectsView.swift; sourceTree = "<group>"; };
		DD3F52772B7B9C2900B42369 /* LessonDetailView.swift */ = {isa = PBXFileReference; fileEncoding = 4; lastKnownFileType = sourcecode.swift; path = LessonDetailView.swift; sourceTree = "<group>"; };
		DD3F52782B7B9C2900B42369 /* ImageView.swift */ = {isa = PBXFileReference; fileEncoding = 4; lastKnownFileType = sourcecode.swift; path = ImageView.swift; sourceTree = "<group>"; };
		DD3F52792B7B9C2900B42369 /* EduSyncTabView.swift */ = {isa = PBXFileReference; fileEncoding = 4; lastKnownFileType = sourcecode.swift; path = EduSyncTabView.swift; sourceTree = "<group>"; };
		DD3F527B2B7B9C2900B42369 /* TimeTableView.swift */ = {isa = PBXFileReference; fileEncoding = 4; lastKnownFileType = sourcecode.swift; path = TimeTableView.swift; sourceTree = "<group>"; };
		DD3F527E2B7B9C2A00B42369 /* DashboardHeaderView.swift */ = {isa = PBXFileReference; fileEncoding = 4; lastKnownFileType = sourcecode.swift; path = DashboardHeaderView.swift; sourceTree = "<group>"; };
		DD3F527F2B7B9C2A00B42369 /* HomeHeaderView.swift */ = {isa = PBXFileReference; fileEncoding = 4; lastKnownFileType = sourcecode.swift; path = HomeHeaderView.swift; sourceTree = "<group>"; };
		DD3F52812B7B9C2A00B42369 /* ReminderCell.swift */ = {isa = PBXFileReference; fileEncoding = 4; lastKnownFileType = sourcecode.swift; path = ReminderCell.swift; sourceTree = "<group>"; };
		DD3F52822B7B9C2A00B42369 /* SubjectCell.swift */ = {isa = PBXFileReference; fileEncoding = 4; lastKnownFileType = sourcecode.swift; path = SubjectCell.swift; sourceTree = "<group>"; };
		DD3F52832B7B9C2A00B42369 /* ResourceCell.swift */ = {isa = PBXFileReference; fileEncoding = 4; lastKnownFileType = sourcecode.swift; path = ResourceCell.swift; sourceTree = "<group>"; };
		DD3F52842B7B9C2A00B42369 /* LessonCell.swift */ = {isa = PBXFileReference; fileEncoding = 4; lastKnownFileType = sourcecode.swift; path = LessonCell.swift; sourceTree = "<group>"; };
		DD3F52862B7B9C2A00B42369 /* CustomCellModifier.swift */ = {isa = PBXFileReference; fileEncoding = 4; lastKnownFileType = sourcecode.swift; path = CustomCellModifier.swift; sourceTree = "<group>"; };
		DD3F52882B7B9C2A00B42369 /* ResourceFormView.swift */ = {isa = PBXFileReference; fileEncoding = 4; lastKnownFileType = sourcecode.swift; path = ResourceFormView.swift; sourceTree = "<group>"; };
		DD3F52892B7B9C2A00B42369 /* TimerFormView.swift */ = {isa = PBXFileReference; fileEncoding = 4; lastKnownFileType = sourcecode.swift; path = TimerFormView.swift; sourceTree = "<group>"; };
		DD3F528A2B7B9C2A00B42369 /* LessonFormView.swift */ = {isa = PBXFileReference; fileEncoding = 4; lastKnownFileType = sourcecode.swift; path = LessonFormView.swift; sourceTree = "<group>"; };
		DD3F528B2B7B9C2A00B42369 /* ReminderFormView.swift */ = {isa = PBXFileReference; fileEncoding = 4; lastKnownFileType = sourcecode.swift; path = ReminderFormView.swift; sourceTree = "<group>"; };
		DD3F528C2B7B9C2A00B42369 /* SubjectFormView.swift */ = {isa = PBXFileReference; fileEncoding = 4; lastKnownFileType = sourcecode.swift; path = SubjectFormView.swift; sourceTree = "<group>"; };
		DD3F528E2B7B9C2A00B42369 /* ColorPalette.swift */ = {isa = PBXFileReference; fileEncoding = 4; lastKnownFileType = sourcecode.swift; path = ColorPalette.swift; sourceTree = "<group>"; };
		DD3F52902B7B9C2A00B42369 /* Date+Ext.swift */ = {isa = PBXFileReference; fileEncoding = 4; lastKnownFileType = sourcecode.swift; path = "Date+Ext.swift"; sourceTree = "<group>"; };
		DD3F52922B7B9C2A00B42369 /* MenuTip.swift */ = {isa = PBXFileReference; fileEncoding = 4; lastKnownFileType = sourcecode.swift; path = MenuTip.swift; sourceTree = "<group>"; };
		DD3F52932B7B9C2A00B42369 /* SwipeTip.swift */ = {isa = PBXFileReference; fileEncoding = 4; lastKnownFileType = sourcecode.swift; path = SwipeTip.swift; sourceTree = "<group>"; };
		DD3F52952B7B9C2A00B42369 /* Columns.swift */ = {isa = PBXFileReference; fileEncoding = 4; lastKnownFileType = sourcecode.swift; path = Columns.swift; sourceTree = "<group>"; };
		DD3F52972B7B9C2A00B42369 /* Assets.xcassets */ = {isa = PBXFileReference; lastKnownFileType = folder.assetcatalog; name = Assets.xcassets; path = ../../EduSync.swiftpm/Assets.xcassets; sourceTree = "<group>"; };
/* End PBXFileReference section */

/* Begin PBXFrameworksBuildPhase section */
		DD3F524E2B7B9C0100B42369 /* Frameworks */ = {
			isa = PBXFrameworksBuildPhase;
			buildActionMask = 2147483647;
			files = (
			);
			runOnlyForDeploymentPostprocessing = 0;
		};
/* End PBXFrameworksBuildPhase section */

/* Begin PBXGroup section */
		DD3F52482B7B9C0100B42369 = {
			isa = PBXGroup;
			children = (
				DD3F52532B7B9C0100B42369 /* EduSync */,
				DD3F52522B7B9C0100B42369 /* Products */,
			);
			sourceTree = "<group>";
		};
		DD3F52522B7B9C0100B42369 /* Products */ = {
			isa = PBXGroup;
			children = (
				DD3F52512B7B9C0100B42369 /* EduSync.app */,
			);
			name = Products;
			sourceTree = "<group>";
		};
		DD3F52532B7B9C0100B42369 /* EduSync */ = {
			isa = PBXGroup;
			children = (
				DD3F526C2B7B9C2900B42369 /* MyApp.swift */,
				DD3F52972B7B9C2A00B42369 /* Assets.xcassets */,
				DD3F52622B7B9C2800B42369 /* Model */,
				DD3F52682B7B9C2900B42369 /* Resources */,
				DD3F527C2B7B9C2A00B42369 /* Utilities */,
				DD3F526D2B7B9C2900B42369 /* Views */,
				DD3F52582B7B9C0200B42369 /* Assets.xcassets */,
				DD3F525A2B7B9C0200B42369 /* Preview Content */,
			);
			path = EduSync;
			sourceTree = "<group>";
		};
		DD3F525A2B7B9C0200B42369 /* Preview Content */ = {
			isa = PBXGroup;
			children = (
				DD3F525B2B7B9C0200B42369 /* Preview Assets.xcassets */,
			);
			path = "Preview Content";
			sourceTree = "<group>";
		};
		DD3F52622B7B9C2800B42369 /* Model */ = {
			isa = PBXGroup;
			children = (
				DD3F52632B7B9C2800B42369 /* LessonDataModel.swift */,
				DD3F52642B7B9C2800B42369 /* ReminderDataModel.swift */,
				DD3F52652B7B9C2800B42369 /* SubjectDataModel.swift */,
				DD3F52662B7B9C2800B42369 /* TimerDataModel.swift */,
				DD3F52672B7B9C2800B42369 /* ResourceDataModel.swift */,
			);
			path = Model;
			sourceTree = "<group>";
		};
		DD3F52682B7B9C2900B42369 /* Resources */ = {
			isa = PBXGroup;
			children = (
				DD3F52692B7B9C2900B42369 /* Noisescape.mp3 */,
				DD3F526A2B7B9C2900B42369 /* DeeperMeaning.mp3 */,
				DD3F526B2B7B9C2900B42369 /* Cinelax.mp3 */,
			);
			path = Resources;
			sourceTree = "<group>";
		};
		DD3F526D2B7B9C2900B42369 /* Views */ = {
			isa = PBXGroup;
			children = (
				DD3F526E2B7B9C2900B42369 /* Home */,
				DD3F52702B7B9C2900B42369 /* DetailView.swift */,
				DD3F52712B7B9C2900B42369 /* Study */,
				DD3F52742B7B9C2900B42369 /* Subjects */,
				DD3F52772B7B9C2900B42369 /* LessonDetailView.swift */,
				DD3F52782B7B9C2900B42369 /* ImageView.swift */,
				DD3F52792B7B9C2900B42369 /* EduSyncTabView.swift */,
				DD3F527A2B7B9C2900B42369 /* TimeTable */,
			);
			path = Views;
			sourceTree = "<group>";
		};
		DD3F526E2B7B9C2900B42369 /* Home */ = {
			isa = PBXGroup;
			children = (
				DD3F526F2B7B9C2900B42369 /* HomeView.swift */,
			);
			path = Home;
			sourceTree = "<group>";
		};
		DD3F52712B7B9C2900B42369 /* Study */ = {
			isa = PBXGroup;
			children = (
				DD3F52722B7B9C2900B42369 /* TimerView.swift */,
				DD3F52732B7B9C2900B42369 /* StudyView.swift */,
			);
			path = Study;
			sourceTree = "<group>";
		};
		DD3F52742B7B9C2900B42369 /* Subjects */ = {
			isa = PBXGroup;
			children = (
				DD3F52752B7B9C2900B42369 /* DashboardView.swift */,
				DD3F52762B7B9C2900B42369 /* SubjectsView.swift */,
			);
			path = Subjects;
			sourceTree = "<group>";
		};
		DD3F527A2B7B9C2900B42369 /* TimeTable */ = {
			isa = PBXGroup;
			children = (
				DD3F527B2B7B9C2900B42369 /* TimeTableView.swift */,
			);
			path = TimeTable;
			sourceTree = "<group>";
		};
		DD3F527C2B7B9C2A00B42369 /* Utilities */ = {
			isa = PBXGroup;
			children = (
				DD3F527D2B7B9C2A00B42369 /* HeaderViews */,
				DD3F52802B7B9C2A00B42369 /* Cells */,
				DD3F52852B7B9C2A00B42369 /* Modifiers */,
				DD3F52872B7B9C2A00B42369 /* Forms */,
				DD3F528D2B7B9C2A00B42369 /* ColorPalette */,
				DD3F528F2B7B9C2A00B42369 /* Extensions */,
				DD3F52912B7B9C2A00B42369 /* Tips */,
				DD3F52942B7B9C2A00B42369 /* Columns */,
			);
			path = Utilities;
			sourceTree = "<group>";
		};
		DD3F527D2B7B9C2A00B42369 /* HeaderViews */ = {
			isa = PBXGroup;
			children = (
				DD3F527E2B7B9C2A00B42369 /* DashboardHeaderView.swift */,
				DD3F527F2B7B9C2A00B42369 /* HomeHeaderView.swift */,
			);
			path = HeaderViews;
			sourceTree = "<group>";
		};
		DD3F52802B7B9C2A00B42369 /* Cells */ = {
			isa = PBXGroup;
			children = (
				DD3F52812B7B9C2A00B42369 /* ReminderCell.swift */,
				DD3F52822B7B9C2A00B42369 /* SubjectCell.swift */,
				DD3F52832B7B9C2A00B42369 /* ResourceCell.swift */,
				DD3F52842B7B9C2A00B42369 /* LessonCell.swift */,
			);
			path = Cells;
			sourceTree = "<group>";
		};
		DD3F52852B7B9C2A00B42369 /* Modifiers */ = {
			isa = PBXGroup;
			children = (
				DD3F52862B7B9C2A00B42369 /* CustomCellModifier.swift */,
			);
			path = Modifiers;
			sourceTree = "<group>";
		};
		DD3F52872B7B9C2A00B42369 /* Forms */ = {
			isa = PBXGroup;
			children = (
				DD3F52882B7B9C2A00B42369 /* ResourceFormView.swift */,
				DD3F52892B7B9C2A00B42369 /* TimerFormView.swift */,
				DD3F528A2B7B9C2A00B42369 /* LessonFormView.swift */,
				DD3F528B2B7B9C2A00B42369 /* ReminderFormView.swift */,
				DD3F528C2B7B9C2A00B42369 /* SubjectFormView.swift */,
			);
			path = Forms;
			sourceTree = "<group>";
		};
		DD3F528D2B7B9C2A00B42369 /* ColorPalette */ = {
			isa = PBXGroup;
			children = (
				DD3F528E2B7B9C2A00B42369 /* ColorPalette.swift */,
			);
			path = ColorPalette;
			sourceTree = "<group>";
		};
		DD3F528F2B7B9C2A00B42369 /* Extensions */ = {
			isa = PBXGroup;
			children = (
				DD3F52902B7B9C2A00B42369 /* Date+Ext.swift */,
			);
			path = Extensions;
			sourceTree = "<group>";
		};
		DD3F52912B7B9C2A00B42369 /* Tips */ = {
			isa = PBXGroup;
			children = (
				DD3F52922B7B9C2A00B42369 /* MenuTip.swift */,
				DD3F52932B7B9C2A00B42369 /* SwipeTip.swift */,
			);
			path = Tips;
			sourceTree = "<group>";
		};
		DD3F52942B7B9C2A00B42369 /* Columns */ = {
			isa = PBXGroup;
			children = (
				DD3F52952B7B9C2A00B42369 /* Columns.swift */,
			);
			path = Columns;
			sourceTree = "<group>";
		};
/* End PBXGroup section */

/* Begin PBXNativeTarget section */
		DD3F52502B7B9C0100B42369 /* EduSync */ = {
			isa = PBXNativeTarget;
			buildConfigurationList = DD3F525F2B7B9C0200B42369 /* Build configuration list for PBXNativeTarget "EduSync" */;
			buildPhases = (
				DD3F524D2B7B9C0100B42369 /* Sources */,
				DD3F524E2B7B9C0100B42369 /* Frameworks */,
				DD3F524F2B7B9C0100B42369 /* Resources */,
			);
			buildRules = (
			);
			dependencies = (
			);
			name = EduSync;
			productName = EduSync;
			productReference = DD3F52512B7B9C0100B42369 /* EduSync.app */;
			productType = "com.apple.product-type.application";
		};
/* End PBXNativeTarget section */

/* Begin PBXProject section */
		DD3F52492B7B9C0100B42369 /* Project object */ = {
			isa = PBXProject;
			attributes = {
				BuildIndependentTargetsInParallel = 1;
				LastSwiftUpdateCheck = 1520;
				LastUpgradeCheck = 1520;
				TargetAttributes = {
					DD3F52502B7B9C0100B42369 = {
						CreatedOnToolsVersion = 15.2;
					};
				};
			};
			buildConfigurationList = DD3F524C2B7B9C0100B42369 /* Build configuration list for PBXProject "EduSync" */;
			compatibilityVersion = "Xcode 14.0";
			developmentRegion = en;
			hasScannedForEncodings = 0;
			knownRegions = (
				en,
				Base,
			);
			mainGroup = DD3F52482B7B9C0100B42369;
			productRefGroup = DD3F52522B7B9C0100B42369 /* Products */;
			projectDirPath = "";
			projectRoot = "";
			targets = (
				DD3F52502B7B9C0100B42369 /* EduSync */,
			);
		};
/* End PBXProject section */

/* Begin PBXResourcesBuildPhase section */
		DD3F524F2B7B9C0100B42369 /* Resources */ = {
			isa = PBXResourcesBuildPhase;
			buildActionMask = 2147483647;
			files = (
				DD3F525C2B7B9C0200B42369 /* Preview Assets.xcassets in Resources */,
				DD3F52592B7B9C0200B42369 /* Assets.xcassets in Resources */,
				DD3F529D2B7B9C2A00B42369 /* Noisescape.mp3 in Resources */,
				DD3F529F2B7B9C2A00B42369 /* Cinelax.mp3 in Resources */,
				DD3F52BD2B7B9C2A00B42369 /* Assets.xcassets in Resources */,
				DD3F529E2B7B9C2A00B42369 /* DeeperMeaning.mp3 in Resources */,
			);
			runOnlyForDeploymentPostprocessing = 0;
		};
/* End PBXResourcesBuildPhase section */

/* Begin PBXSourcesBuildPhase section */
		DD3F524D2B7B9C0100B42369 /* Sources */ = {
			isa = PBXSourcesBuildPhase;
			buildActionMask = 2147483647;
			files = (
				DD3F52A12B7B9C2A00B42369 /* HomeView.swift in Sources */,
				DD3F52982B7B9C2A00B42369 /* LessonDataModel.swift in Sources */,
				DD3F52AB2B7B9C2A00B42369 /* DashboardHeaderView.swift in Sources */,
				DD3F52B82B7B9C2A00B42369 /* Date+Ext.swift in Sources */,
				DD3F52A72B7B9C2A00B42369 /* LessonDetailView.swift in Sources */,
				DD3F52A22B7B9C2A00B42369 /* DetailView.swift in Sources */,
				DD3F52B22B7B9C2A00B42369 /* ResourceFormView.swift in Sources */,
				DD3F529C2B7B9C2A00B42369 /* ResourceDataModel.swift in Sources */,
				DD3F52B02B7B9C2A00B42369 /* LessonCell.swift in Sources */,
				DD3F529A2B7B9C2A00B42369 /* SubjectDataModel.swift in Sources */,
				DD3F52A32B7B9C2A00B42369 /* TimerView.swift in Sources */,
				DD3F52AA2B7B9C2A00B42369 /* TimeTableView.swift in Sources */,
				DD3F52AD2B7B9C2A00B42369 /* ReminderCell.swift in Sources */,
				DD3F52B72B7B9C2A00B42369 /* ColorPalette.swift in Sources */,
				DD3F52AF2B7B9C2A00B42369 /* ResourceCell.swift in Sources */,
				DD3F52A82B7B9C2A00B42369 /* ImageView.swift in Sources */,
				DD3F52AE2B7B9C2A00B42369 /* SubjectCell.swift in Sources */,
				DD3F52BB2B7B9C2A00B42369 /* Columns.swift in Sources */,
				DD3F52A92B7B9C2A00B42369 /* EduSyncTabView.swift in Sources */,
				DD3F529B2B7B9C2A00B42369 /* TimerDataModel.swift in Sources */,
				DD3F52B52B7B9C2A00B42369 /* ReminderFormView.swift in Sources */,
				DD3F52A02B7B9C2A00B42369 /* MyApp.swift in Sources */,
				DD3F52A62B7B9C2A00B42369 /* SubjectsView.swift in Sources */,
				DD3F52B92B7B9C2A00B42369 /* MenuTip.swift in Sources */,
				DD3F52BA2B7B9C2A00B42369 /* SwipeTip.swift in Sources */,
				DD3F52AC2B7B9C2A00B42369 /* HomeHeaderView.swift in Sources */,
				DD3F52B62B7B9C2A00B42369 /* SubjectFormView.swift in Sources */,
				DD3F52B42B7B9C2A00B42369 /* LessonFormView.swift in Sources */,
				DD3F52B12B7B9C2A00B42369 /* CustomCellModifier.swift in Sources */,
				DD3F52A42B7B9C2A00B42369 /* StudyView.swift in Sources */,
				DD3F52A52B7B9C2A00B42369 /* DashboardView.swift in Sources */,
				DD3F52B32B7B9C2A00B42369 /* TimerFormView.swift in Sources */,
				DD3F52992B7B9C2A00B42369 /* ReminderDataModel.swift in Sources */,
			);
			runOnlyForDeploymentPostprocessing = 0;
		};
/* End PBXSourcesBuildPhase section */

/* Begin XCBuildConfiguration section */
		DD3F525D2B7B9C0200B42369 /* Debug */ = {
			isa = XCBuildConfiguration;
			buildSettings = {
				ALWAYS_SEARCH_USER_PATHS = NO;
				ASSETCATALOG_COMPILER_GENERATE_SWIFT_ASSET_SYMBOL_EXTENSIONS = YES;
				CLANG_ANALYZER_NONNULL = YES;
				CLANG_ANALYZER_NUMBER_OBJECT_CONVERSION = YES_AGGRESSIVE;
				CLANG_CXX_LANGUAGE_STANDARD = "gnu++20";
				CLANG_ENABLE_MODULES = YES;
				CLANG_ENABLE_OBJC_ARC = YES;
				CLANG_ENABLE_OBJC_WEAK = YES;
				CLANG_WARN_BLOCK_CAPTURE_AUTORELEASING = YES;
				CLANG_WARN_BOOL_CONVERSION = YES;
				CLANG_WARN_COMMA = YES;
				CLANG_WARN_CONSTANT_CONVERSION = YES;
				CLANG_WARN_DEPRECATED_OBJC_IMPLEMENTATIONS = YES;
				CLANG_WARN_DIRECT_OBJC_ISA_USAGE = YES_ERROR;
				CLANG_WARN_DOCUMENTATION_COMMENTS = YES;
				CLANG_WARN_EMPTY_BODY = YES;
				CLANG_WARN_ENUM_CONVERSION = YES;
				CLANG_WARN_INFINITE_RECURSION = YES;
				CLANG_WARN_INT_CONVERSION = YES;
				CLANG_WARN_NON_LITERAL_NULL_CONVERSION = YES;
				CLANG_WARN_OBJC_IMPLICIT_RETAIN_SELF = YES;
				CLANG_WARN_OBJC_LITERAL_CONVERSION = YES;
				CLANG_WARN_OBJC_ROOT_CLASS = YES_ERROR;
				CLANG_WARN_QUOTED_INCLUDE_IN_FRAMEWORK_HEADER = YES;
				CLANG_WARN_RANGE_LOOP_ANALYSIS = YES;
				CLANG_WARN_STRICT_PROTOTYPES = YES;
				CLANG_WARN_SUSPICIOUS_MOVE = YES;
				CLANG_WARN_UNGUARDED_AVAILABILITY = YES_AGGRESSIVE;
				CLANG_WARN_UNREACHABLE_CODE = YES;
				CLANG_WARN__DUPLICATE_METHOD_MATCH = YES;
				COPY_PHASE_STRIP = NO;
				DEBUG_INFORMATION_FORMAT = dwarf;
				ENABLE_STRICT_OBJC_MSGSEND = YES;
				ENABLE_TESTABILITY = YES;
				ENABLE_USER_SCRIPT_SANDBOXING = YES;
				GCC_C_LANGUAGE_STANDARD = gnu17;
				GCC_DYNAMIC_NO_PIC = NO;
				GCC_NO_COMMON_BLOCKS = YES;
				GCC_OPTIMIZATION_LEVEL = 0;
				GCC_PREPROCESSOR_DEFINITIONS = (
					"DEBUG=1",
					"$(inherited)",
				);
				GCC_WARN_64_TO_32_BIT_CONVERSION = YES;
				GCC_WARN_ABOUT_RETURN_TYPE = YES_ERROR;
				GCC_WARN_UNDECLARED_SELECTOR = YES;
				GCC_WARN_UNINITIALIZED_AUTOS = YES_AGGRESSIVE;
				GCC_WARN_UNUSED_FUNCTION = YES;
				GCC_WARN_UNUSED_VARIABLE = YES;
				IPHONEOS_DEPLOYMENT_TARGET = 17.0;
				LOCALIZATION_PREFERS_STRING_CATALOGS = YES;
				MTL_ENABLE_DEBUG_INFO = INCLUDE_SOURCE;
				MTL_FAST_MATH = YES;
				ONLY_ACTIVE_ARCH = YES;
				SDKROOT = iphoneos;
				SWIFT_ACTIVE_COMPILATION_CONDITIONS = "DEBUG $(inherited)";
				SWIFT_OPTIMIZATION_LEVEL = "-Onone";
			};
			name = Debug;
		};
		DD3F525E2B7B9C0200B42369 /* Release */ = {
			isa = XCBuildConfiguration;
			buildSettings = {
				ALWAYS_SEARCH_USER_PATHS = NO;
				ASSETCATALOG_COMPILER_GENERATE_SWIFT_ASSET_SYMBOL_EXTENSIONS = YES;
				CLANG_ANALYZER_NONNULL = YES;
				CLANG_ANALYZER_NUMBER_OBJECT_CONVERSION = YES_AGGRESSIVE;
				CLANG_CXX_LANGUAGE_STANDARD = "gnu++20";
				CLANG_ENABLE_MODULES = YES;
				CLANG_ENABLE_OBJC_ARC = YES;
				CLANG_ENABLE_OBJC_WEAK = YES;
				CLANG_WARN_BLOCK_CAPTURE_AUTORELEASING = YES;
				CLANG_WARN_BOOL_CONVERSION = YES;
				CLANG_WARN_COMMA = YES;
				CLANG_WARN_CONSTANT_CONVERSION = YES;
				CLANG_WARN_DEPRECATED_OBJC_IMPLEMENTATIONS = YES;
				CLANG_WARN_DIRECT_OBJC_ISA_USAGE = YES_ERROR;
				CLANG_WARN_DOCUMENTATION_COMMENTS = YES;
				CLANG_WARN_EMPTY_BODY = YES;
				CLANG_WARN_ENUM_CONVERSION = YES;
				CLANG_WARN_INFINITE_RECURSION = YES;
				CLANG_WARN_INT_CONVERSION = YES;
				CLANG_WARN_NON_LITERAL_NULL_CONVERSION = YES;
				CLANG_WARN_OBJC_IMPLICIT_RETAIN_SELF = YES;
				CLANG_WARN_OBJC_LITERAL_CONVERSION = YES;
				CLANG_WARN_OBJC_ROOT_CLASS = YES_ERROR;
				CLANG_WARN_QUOTED_INCLUDE_IN_FRAMEWORK_HEADER = YES;
				CLANG_WARN_RANGE_LOOP_ANALYSIS = YES;
				CLANG_WARN_STRICT_PROTOTYPES = YES;
				CLANG_WARN_SUSPICIOUS_MOVE = YES;
				CLANG_WARN_UNGUARDED_AVAILABILITY = YES_AGGRESSIVE;
				CLANG_WARN_UNREACHABLE_CODE = YES;
				CLANG_WARN__DUPLICATE_METHOD_MATCH = YES;
				COPY_PHASE_STRIP = NO;
				DEBUG_INFORMATION_FORMAT = "dwarf-with-dsym";
				ENABLE_NS_ASSERTIONS = NO;
				ENABLE_STRICT_OBJC_MSGSEND = YES;
				ENABLE_USER_SCRIPT_SANDBOXING = YES;
				GCC_C_LANGUAGE_STANDARD = gnu17;
				GCC_NO_COMMON_BLOCKS = YES;
				GCC_WARN_64_TO_32_BIT_CONVERSION = YES;
				GCC_WARN_ABOUT_RETURN_TYPE = YES_ERROR;
				GCC_WARN_UNDECLARED_SELECTOR = YES;
				GCC_WARN_UNINITIALIZED_AUTOS = YES_AGGRESSIVE;
				GCC_WARN_UNUSED_FUNCTION = YES;
				GCC_WARN_UNUSED_VARIABLE = YES;
				IPHONEOS_DEPLOYMENT_TARGET = 17.0;
				LOCALIZATION_PREFERS_STRING_CATALOGS = YES;
				MTL_ENABLE_DEBUG_INFO = NO;
				MTL_FAST_MATH = YES;
				SDKROOT = iphoneos;
				SWIFT_COMPILATION_MODE = wholemodule;
				VALIDATE_PRODUCT = YES;
			};
			name = Release;
		};
		DD3F52602B7B9C0200B42369 /* Debug */ = {
			isa = XCBuildConfiguration;
			buildSettings = {
				ASSETCATALOG_COMPILER_APPICON_NAME = AppIcon;
				ASSETCATALOG_COMPILER_GLOBAL_ACCENT_COLOR_NAME = AccentColor;
				CODE_SIGN_STYLE = Automatic;
				CURRENT_PROJECT_VERSION = 1;
				DEVELOPMENT_ASSET_PATHS = "\"EduSync/Preview Content\"";
				DEVELOPMENT_TEAM = 4RUKJ5BRNZ;
				ENABLE_PREVIEWS = YES;
				GENERATE_INFOPLIST_FILE = YES;
				INFOPLIST_KEY_UIApplicationSceneManifest_Generation = YES;
				INFOPLIST_KEY_UIApplicationSupportsIndirectInputEvents = YES;
				INFOPLIST_KEY_UILaunchScreen_Generation = YES;
				INFOPLIST_KEY_UISupportedInterfaceOrientations_iPad = "UIInterfaceOrientationPortrait UIInterfaceOrientationPortraitUpsideDown UIInterfaceOrientationLandscapeLeft UIInterfaceOrientationLandscapeRight";
				INFOPLIST_KEY_UISupportedInterfaceOrientations_iPhone = "UIInterfaceOrientationPortrait UIInterfaceOrientationLandscapeLeft UIInterfaceOrientationLandscapeRight";
				IPHONEOS_DEPLOYMENT_TARGET = 17.0;
				LD_RUNPATH_SEARCH_PATHS = (
					"$(inherited)",
					"@executable_path/Frameworks",
				);
				MARKETING_VERSION = 1.0;
				PRODUCT_BUNDLE_IDENTIFIER = com.DavronAbdukhakimov.EduSync;
				PRODUCT_NAME = "$(TARGET_NAME)";
				SWIFT_EMIT_LOC_STRINGS = YES;
				SWIFT_VERSION = 5.0;
				TARGETED_DEVICE_FAMILY = "1,2";
			};
			name = Debug;
		};
		DD3F52612B7B9C0200B42369 /* Release */ = {
			isa = XCBuildConfiguration;
			buildSettings = {
				ASSETCATALOG_COMPILER_APPICON_NAME = AppIcon;
				ASSETCATALOG_COMPILER_GLOBAL_ACCENT_COLOR_NAME = AccentColor;
				CODE_SIGN_STYLE = Automatic;
				CURRENT_PROJECT_VERSION = 1;
				DEVELOPMENT_ASSET_PATHS = "\"EduSync/Preview Content\"";
				DEVELOPMENT_TEAM = 4RUKJ5BRNZ;
				ENABLE_PREVIEWS = YES;
				GENERATE_INFOPLIST_FILE = YES;
				INFOPLIST_KEY_UIApplicationSceneManifest_Generation = YES;
				INFOPLIST_KEY_UIApplicationSupportsIndirectInputEvents = YES;
				INFOPLIST_KEY_UILaunchScreen_Generation = YES;
				INFOPLIST_KEY_UISupportedInterfaceOrientations_iPad = "UIInterfaceOrientationPortrait UIInterfaceOrientationPortraitUpsideDown UIInterfaceOrientationLandscapeLeft UIInterfaceOrientationLandscapeRight";
				INFOPLIST_KEY_UISupportedInterfaceOrientations_iPhone = "UIInterfaceOrientationPortrait UIInterfaceOrientationLandscapeLeft UIInterfaceOrientationLandscapeRight";
				IPHONEOS_DEPLOYMENT_TARGET = 17.0;
				LD_RUNPATH_SEARCH_PATHS = (
					"$(inherited)",
					"@executable_path/Frameworks",
				);
				MARKETING_VERSION = 1.0;
				PRODUCT_BUNDLE_IDENTIFIER = com.DavronAbdukhakimov.EduSync;
				PRODUCT_NAME = "$(TARGET_NAME)";
				SWIFT_EMIT_LOC_STRINGS = YES;
				SWIFT_VERSION = 5.0;
				TARGETED_DEVICE_FAMILY = "1,2";
			};
			name = Release;
		};
/* End XCBuildConfiguration section */

/* Begin XCConfigurationList section */
		DD3F524C2B7B9C0100B42369 /* Build configuration list for PBXProject "EduSync" */ = {
			isa = XCConfigurationList;
			buildConfigurations = (
				DD3F525D2B7B9C0200B42369 /* Debug */,
				DD3F525E2B7B9C0200B42369 /* Release */,
			);
			defaultConfigurationIsVisible = 0;
			defaultConfigurationName = Release;
		};
		DD3F525F2B7B9C0200B42369 /* Build configuration list for PBXNativeTarget "EduSync" */ = {
			isa = XCConfigurationList;
			buildConfigurations = (
				DD3F52602B7B9C0200B42369 /* Debug */,
				DD3F52612B7B9C0200B42369 /* Release */,
			);
			defaultConfigurationIsVisible = 0;
			defaultConfigurationName = Release;
		};
/* End XCConfigurationList section */
	};
	rootObject = DD3F52492B7B9C0100B42369 /* Project object */;
}
